{
  "version": 4,
  "terraform_version": "1.4.6",
  "serial": 6,
  "lineage": "e51d8c38-1d30-b52a-1b67-39bdbe7a5096",
  "outputs": {
    "external_ip_address_node01_yandex_cloud": {
      "value": "51.250.79.185",
      "type": "string"
    },
    "internal_ip_address_node01_yandex_cloud": {
      "value": "10.128.0.18",
      "type": "string"
    }
  },
  "resources": [
    {
      "mode": "managed",
      "type": "yandex_compute_instance",
      "name": "node01",
      "provider": "provider[\"registry.terraform.io/yandex-cloud/yandex\"]",
      "instances": [
        {
          "schema_version": 1,
          "attributes": {
            "allow_recreate": null,
            "allow_stopping_for_update": true,
            "boot_disk": [
              {
                "auto_delete": true,
                "device_name": "fhm1v3cacn9obp7elj0n",
                "disk_id": "fhm1v3cacn9obp7elj0n",
                "initialize_params": [
                  {
                    "block_size": 4096,
                    "description": "",
                    "image_id": "fd8qfmcldfiamrk51fge",
                    "name": "root-node01",
                    "size": 50,
                    "snapshot_id": "",
                    "type": "network-ssd"
                  }
                ],
                "mode": "READ_WRITE"
              }
            ],
            "created_at": "2023-05-27T19:08:18Z",
            "description": "",
            "filesystem": [],
            "folder_id": "b1guu24c15ehnfa1s425",
            "fqdn": "node01.netology.cloud",
            "gpu_cluster_id": "",
            "hostname": "node01.netology.cloud",
            "id": "fhmjfmk27difpqqn3fhb",
            "labels": null,
            "local_disk": [],
            "metadata": {
              "ssh-keys": "centos:ssh-rsa AAAAB3NzaC1yc2EAAAADAQABAAABgQDI5CA/GU+lkF0L7SP1kQud/R9e0BiEDyt+SbIRjfuIrV8f3MLft446LZOavCstVKD6Xlgxg3D6YxcEH+w8fX3iGS9fRE5koUmpbvquJ+LFnoooIBOc/BorisNJzlY82sWD1l4b2hO9q675aFNmqGIjY9ai35eosX+ciCfHMV7wFItDfA4ygJycNkNUFC8VyM78vwJQ/xoY+B13NiU/oBxB1pd17iFifpUllt4FA6nBlQZU85jE8itmf1slr0z4coRnRsBrEa5Vi+Md2GNzUsqaoVJQmDyw3wb25ITPK3zM+2IG/c8vHfJApI79nLg44ZWK7cvX1vFpQVoOaua1IspYXdPFrH6u97qfrarppfBdvp2zu474d93u4hFSvE4CFygi/tjT4ikwaPE3/3AloV3RCMGbGQ1gX4zfRlvBMmsdfOsUEqbaOIFH7RSl32HARX64oNUbyHhipV+qdXjOhwJQVBxMPlTOLXURYFsokG25jmy7aQIbFp0cTdcFLiax4jk= Денис@DESKTOP-3MGA3VP\r\n"
            },
            "metadata_options": [
              {
                "aws_v1_http_endpoint": 1,
                "aws_v1_http_token": 2,
                "gce_http_endpoint": 1,
                "gce_http_token": 1
              }
            ],
            "name": "node01",
            "network_acceleration_type": "standard",
            "network_interface": [
              {
                "dns_record": [],
                "index": 0,
                "ip_address": "10.128.0.18",
                "ipv4": true,
                "ipv6": false,
                "ipv6_address": "",
                "ipv6_dns_record": [],
                "mac_address": "d0:0d:13:7d:a8:23",
                "nat": true,
                "nat_dns_record": [],
                "nat_ip_address": "51.250.79.185",
                "nat_ip_version": "IPV4",
                "security_group_ids": [],
                "subnet_id": "e9bdgp1h33412g3n2pr1"
              }
            ],
            "placement_policy": [
              {
                "host_affinity_rules": [],
                "placement_group_id": ""
              }
            ],
            "platform_id": "standard-v1",
            "resources": [
              {
                "core_fraction": 100,
                "cores": 8,
                "gpus": 0,
                "memory": 8
              }
            ],
            "scheduling_policy": [
              {
                "preemptible": false
              }
            ],
            "secondary_disk": [],
            "service_account_id": "",
            "status": "running",
            "timeouts": null,
            "zone": "ru-central1-a"
          },
          "sensitive_attributes": [],
          "private": "eyJlMmJmYjczMC1lY2FhLTExZTYtOGY4OC0zNDM2M2JjN2M0YzAiOnsiY3JlYXRlIjozMDAwMDAwMDAwMDAsImRlbGV0ZSI6MzAwMDAwMDAwMDAwLCJ1cGRhdGUiOjMwMDAwMDAwMDAwMH0sInNjaGVtYV92ZXJzaW9uIjoiMSJ9",
          "dependencies": [
            "yandex_vpc_subnet.default"
          ]
        }
      ]
    },
    {
      "mode": "managed",
      "type": "yandex_vpc_network",
      "name": "default",
      "provider": "provider[\"registry.terraform.io/yandex-cloud/yandex\"]",
      "instances": [
        {
          "schema_version": 0,
          "attributes": {
            "created_at": "2023-05-27T19:06:30Z",
            "default_security_group_id": "",
            "description": "",
            "folder_id": "b1guu24c15ehnfa1s425",
            "id": "enpuvp226iuvuhaf74am",
            "labels": {},
            "name": "net",
            "subnet_ids": [
              "e9bdgp1h33412g3n2pr1"
            ],
            "timeouts": null
          },
          "sensitive_attributes": [],
          "private": "eyJlMmJmYjczMC1lY2FhLTExZTYtOGY4OC0zNDM2M2JjN2M0YzAiOnsiY3JlYXRlIjo2MDAwMDAwMDAwMCwiZGVsZXRlIjo2MDAwMDAwMDAwMCwidXBkYXRlIjo2MDAwMDAwMDAwMH19"
        }
      ]
    },
    {
      "mode": "managed",
      "type": "yandex_vpc_subnet",
      "name": "default",
      "provider": "provider[\"registry.terraform.io/yandex-cloud/yandex\"]",
      "instances": [
        {
          "schema_version": 0,
          "attributes": {
            "created_at": "2023-05-27T19:06:31Z",
            "description": "",
            "dhcp_options": [],
            "folder_id": "b1guu24c15ehnfa1s425",
            "id": "e9bdgp1h33412g3n2pr1",
            "labels": {},
            "name": "subnet",
            "network_id": "enpuvp226iuvuhaf74am",
            "route_table_id": "",
            "timeouts": null,
            "v4_cidr_blocks": [
              "10.128.0.0/24"
            ],
            "v6_cidr_blocks": [],
            "zone": "ru-central1-a"
          },
          "sensitive_attributes": [],
          "private": "eyJlMmJmYjczMC1lY2FhLTExZTYtOGY4OC0zNDM2M2JjN2M0YzAiOnsiY3JlYXRlIjoxODAwMDAwMDAwMDAsImRlbGV0ZSI6MTgwMDAwMDAwMDAwLCJ1cGRhdGUiOjE4MDAwMDAwMDAwMH19",
          "dependencies": [
            "yandex_vpc_network.default"
          ]
        }
      ]
    }
  ],
  "check_results": null
}
